{
  "name": "botframework-s3storage",
  "version": "1.0.0",
  "lockfileVersion": 1,
  "requires": true,
  "dependencies": {
    "assert": {
      "version": "1.5.0",
      "resolved": "https://registry.npmjs.org/assert/-/assert-1.5.0.tgz",
      "integrity": "sha512-EDsgawzwoun2CZkCgtxJbv392v4nbk9XDD06zI+kQYoBM/3RBWLlEyJARDOmhAAosBjWACEkKL6S+lIZtcAubA==",
      "requires": {
        "object-assign": "^4.1.1",
        "util": "0.10.3"
      }
    },
    "botbuilder-core": {
      "version": "4.4.0",
      "resolved": "https://registry.npmjs.org/botbuilder-core/-/botbuilder-core-4.4.0.tgz",
      "integrity": "sha512-j2UdMhPTci1Go+Onr0jIN0PGn3TmWbQTyp+5qN+ffwc03MWcPiemV8d/+k8m8ewn59Q1h3u0aEQ4JiKR6egGQA==",
      "requires": {
        "assert": "^1.4.1",
        "botframework-schema": "^4.4.0"
      }
    },
    "botframework-schema": {
      "version": "4.4.0",
      "resolved": "https://registry.npmjs.org/botframework-schema/-/botframework-schema-4.4.0.tgz",
      "integrity": "sha512-3BWQEbArzHkw49BCdyNxqmSnLzkrL396Q0c+VcdabT3t75wV+dc4bwzSBuLfG0KW+fBjhSR4BXM8IQfnIZU0Vg=="
    },
    "inherits": {
      "version": "2.0.1",
      "resolved": "https://registry.npmjs.org/inherits/-/inherits-2.0.1.tgz",
      "integrity": "sha1-sX0I0ya0Qj5Wjv9xn5GwscvfafE="
    },
    "object-assign": {
      "version": "4.1.1",
      "resolved": "https://registry.npmjs.org/object-assign/-/object-assign-4.1.1.tgz",
      "integrity": "sha1-IQmtx5ZYh8/AXLvUQsrIv7s2CGM="
    },
    "typescript": {
      "version": "3.5.1",
      "resolved": "https://registry.npmjs.org/typescript/-/typescript-3.5.1.tgz",
      "integrity": "sha512-64HkdiRv1yYZsSe4xC1WVgamNigVYjlssIoaH2HcZF0+ijsk5YK2g0G34w9wJkze8+5ow4STd22AynfO6ZYYLw=="
    },
    "util": {
      "version": "0.10.3",
      "resolved": "https://registry.npmjs.org/util/-/util-0.10.3.tgz",
      "integrity": "sha1-evsa/lCAUkZInj23/g7TeTNqwPk=",
      "requires": {
        "inherits": "2.0.1"
      }
    }
  }
}
